
Microsoft Visual Studio Solution File, Format Version 12.00
# Visual Studio 2013
VisualStudioVersion = 12.0.31101.0
MinimumVisualStudioVersion = 10.0.40219.1
Project("{2150E333-8FDC-42A3-9474-1A3956D46DE8}") = ".nuget", ".nuget", "{90CDA624-05AE-45C4-A357-5EBD2B07E388}"
	ProjectSection(SolutionItems) = preProject
		.nuget\packages.config = .nuget\packages.config
	EndProjectSection
EndProject
Project("{FAE04EC0-301F-11D3-BF4B-00C04F79EFBC}") = "Guybrush.ProtoMembers", "Guybrush.ProtoMembers\Guybrush.ProtoMembers.csproj", "{31A3AB10-E11B-4B7B-A536-0DF264C5EEC8}"
EndProject
Project("{FAE04EC0-301F-11D3-BF4B-00C04F79EFBC}") = "Guybrush.ProtoMembers.Tests", "Guybrush.ProtoMembers.Tests\Guybrush.ProtoMembers.Tests.csproj", "{1BAE67F0-0726-4A18-AABD-F4754C3D5EC1}"
EndProject
Global
	GlobalSection(SolutionConfigurationPlatforms) = preSolution
		Debug|Any CPU = Debug|Any CPU
		Release|Any CPU = Release|Any CPU
	EndGlobalSection
	GlobalSection(ProjectConfigurationPlatforms) = postSolution
		{31A3AB10-E11B-4B7B-A536-0DF264C5EEC8}.Debug|Any CPU.ActiveCfg = Debug|Any CPU
		{31A3AB10-E11B-4B7B-A536-0DF264C5EEC8}.Debug|Any CPU.Build.0 = Debug|Any CPU
		{31A3AB10-E11B-4B7B-A536-0DF264C5EEC8}.Release|Any CPU.ActiveCfg = Release|Any CPU
		{31A3AB10-E11B-4B7B-A536-0DF264C5EEC8}.Release|Any CPU.Build.0 = Release|Any CPU
		{1BAE67F0-0726-4A18-AABD-F4754C3D5EC1}.Debug|Any CPU.ActiveCfg = Debug|Any CPU
		{1BAE67F0-0726-4A18-AABD-F4754C3D5EC1}.Debug|Any CPU.Build.0 = Debug|Any CPU
		{1BAE67F0-0726-4A18-AABD-F4754C3D5EC1}.Release|Any CPU.ActiveCfg = Release|Any CPU
		{1BAE67F0-0726-4A18-AABD-F4754C3D5EC1}.Release|Any CPU.Build.0 = Release|Any CPU
	EndGlobalSection
	GlobalSection(SolutionProperties) = preSolution
		HideSolutionNode = FALSE
	EndGlobalSection
EndGlobal
